
Microsoft Visual Studio Solution File, Format Version 12.00
# Visual Studio Version 16
VisualStudioVersion = 16.0.32630.194
MinimumVisualStudioVersion = 10.0.40219.1
Project("{FAE04EC0-301F-11D3-BF4B-00C04F79EFBC}") = "CETAK_KARTU_MANULIFE", "CETAK_KARTU_MANULIFE\CETAK_KARTU_MANULIFE.csproj", "{1A6E91AC-F833-44F9-86B9-8B2A93543BE8}"
EndProject
Global
	GlobalSection(SolutionConfigurationPlatforms) = preSolution
		Debug|Any CPU = Debug|Any CPU
		Release|Any CPU = Release|Any CPU
	EndGlobalSection
	GlobalSection(ProjectConfigurationPlatforms) = postSolution
		{1A6E91AC-F833-44F9-86B9-8B2A93543BE8}.Debug|Any CPU.ActiveCfg = Debug|Any CPU
		{1A6E91AC-F833-44F9-86B9-8B2A93543BE8}.Debug|Any CPU.Build.0 = Debug|Any CPU
		{1A6E91AC-F833-44F9-86B9-8B2A93543BE8}.Release|Any CPU.ActiveCfg = Release|Any CPU
		{1A6E91AC-F833-44F9-86B9-8B2A93543BE8}.Release|Any CPU.Build.0 = Release|Any CPU
	EndGlobalSection
	GlobalSection(SolutionProperties) = preSolution
		HideSolutionNode = FALSE
	EndGlobalSection
	GlobalSection(ExtensibilityGlobals) = postSolution
		SolutionGuid = {709CF81A-7778-457C-B152-1AC2B1CBE039}
	EndGlobalSection
EndGlobal
